
Microsoft Visual Studio Solution File, Format Version 11.00
# Visual Studio 2010
Project("{8BC9CEB8-8B4A-11D0-8D11-00A0C91BC942}") = "Wrappers", "Wrappers\Wrappers.vcxproj", "{F16637E6-5C25-442F-9733-A4F99C742B02}"
EndProject
Global
	GlobalSection(SolutionConfigurationPlatforms) = preSolution
		Debug|Win32 = Debug|Win32
		Release|Win32 = Release|Win32
	EndGlobalSection
	GlobalSection(ProjectConfigurationPlatforms) = postSolution
		{F16637E6-5C25-442F-9733-A4F99C742B02}.Debug|Win32.ActiveCfg = Debug|Win32
		{F16637E6-5C25-442F-9733-A4F99C742B02}.Debug|Win32.Build.0 = Debug|Win32
		{F16637E6-5C25-442F-9733-A4F99C742B02}.Release|Win32.ActiveCfg = Release|Win32
		{F16637E6-5C25-442F-9733-A4F99C742B02}.Release|Win32.Build.0 = Release|Win32
	EndGlobalSection
	GlobalSection(SolutionProperties) = preSolution
		HideSolutionNode = FALSE
	EndGlobalSection
EndGlobal
