<?xml version="1.0" encoding="utf-8"?>
<Project ToolsVersion="4.0" xmlns="http://schemas.microsoft.com/developer/msbuild/2003">
  <ItemGroup>
    <Filter Include="Quelldateien">
      <UniqueIdentifier>{4FC737F1-C7A5-4376-A066-2A32D752A2FF}</UniqueIdentifier>
      <Extensions>cpp;c;cc;cxx;def;odl;idl;hpj;bat;asm;asmx</Extensions>
    </Filter>
    <Filter Include="Headerdateien">
      <UniqueIdentifier>{93995380-89BD-4b04-88EB-625FBE52EBFB}</UniqueIdentifier>
      <Extensions>h;hpp;hxx;hm;inl;inc;xsd</Extensions>
    </Filter>
    <Filter Include="Headerdateien\Algorithm">
      <UniqueIdentifier>{e89465be-ced9-4824-a107-5ea4571370b3}</UniqueIdentifier>
    </Filter>
    <Filter Include="Headerdateien\Dependencies">
      <UniqueIdentifier>{6ed596f1-3db8-4ee1-a270-fb163928fb4d}</UniqueIdentifier>
    </Filter>
    <Filter Include="Headerdateien\Wrappers">
      <UniqueIdentifier>{e11866dd-ad00-45a1-839f-1b02cff0cc2f}</UniqueIdentifier>
    </Filter>
    <Filter Include="Headerdateien\Includes">
      <UniqueIdentifier>{972cd45a-5b20-407f-b4cb-ad244345628c}</UniqueIdentifier>
    </Filter>
    <Filter Include="Headerdateien\Dependencies\Interfaces">
      <UniqueIdentifier>{ece73a48-5ca2-47d3-bc4b-6ff37aa79806}</UniqueIdentifier>
    </Filter>
    <Filter Include="Headerdateien\Debugging">
      <UniqueIdentifier>{0139db4f-332b-4f6a-acef-bba247be13b0}</UniqueIdentifier>
    </Filter>
  </ItemGroup>
  <ItemGroup>
    <ClInclude Include="NoMagic.h">
      <Filter>Headerdateien</Filter>
    </ClInclude>
    <ClInclude Include="NoMagic_Include.h">
      <Filter>Headerdateien\Includes</Filter>
    </ClInclude>
    <ClInclude Include="Wrappers_Include.h">
      <Filter>Headerdateien\Includes</Filter>
    </ClInclude>
    <ClInclude Include="STD_Include.h">
      <Filter>Headerdateien\Includes</Filter>
    </ClInclude>
    <ClInclude Include="Algorithm_Include.h">
      <Filter>Headerdateien\Includes</Filter>
    </ClInclude>
    <ClInclude Include="Injector.h">
      <Filter>Headerdateien</Filter>
    </ClInclude>
    <ClInclude Include="Injector_Include.h">
      <Filter>Headerdateien\Includes</Filter>
    </ClInclude>
    <ClInclude Include="Wrappers\FASM.h">
      <Filter>Headerdateien\Wrappers</Filter>
    </ClInclude>
    <ClInclude Include="Wrappers\Memory.h">
      <Filter>Headerdateien\Wrappers</Filter>
    </ClInclude>
    <ClInclude Include="Wrappers\Module.h">
      <Filter>Headerdateien\Wrappers</Filter>
    </ClInclude>
    <ClInclude Include="Wrappers\Process.h">
      <Filter>Headerdateien\Wrappers</Filter>
    </ClInclude>
    <ClInclude Include="Wrappers\Thread.h">
      <Filter>Headerdateien\Wrappers</Filter>
    </ClInclude>
    <ClInclude Include="Algorithm\BoyerMooreHorspool.h">
      <Filter>Headerdateien\Algorithm</Filter>
    </ClInclude>
    <ClInclude Include="Dependencies\detours.h">
      <Filter>Headerdateien\Dependencies</Filter>
    </ClInclude>
    <ClInclude Include="Dependencies\Types.h">
      <Filter>Headerdateien\Dependencies</Filter>
    </ClInclude>
    <ClInclude Include="Dependencies\Interfaces\IAlgorithm.h">
      <Filter>Headerdateien\Dependencies\Interfaces</Filter>
    </ClInclude>
    <ClInclude Include="Dependencies\Interfaces\IPatternAlgorithm.h">
      <Filter>Headerdateien\Dependencies\Interfaces</Filter>
    </ClInclude>
    <ClInclude Include="Debugging\Breakpoint.h">
      <Filter>Headerdateien\Debugging</Filter>
    </ClInclude>
    <ClInclude Include="Debugging\ExceptionHandler.h">
      <Filter>Headerdateien\Debugging</Filter>
    </ClInclude>
    <ClInclude Include="Debugging\HardwareBreakpoint.h">
      <Filter>Headerdateien\Debugging</Filter>
    </ClInclude>
    <ClInclude Include="Debugging_Include.h">
      <Filter>Headerdateien\Includes</Filter>
    </ClInclude>
    <ClInclude Include="Debugging\MemoryBreakpoint.h">
      <Filter>Headerdateien\Debugging</Filter>
    </ClInclude>
    <ClInclude Include="Dependencies\Utilities.h">
      <Filter>Headerdateien\Dependencies</Filter>
    </ClInclude>
    <ClInclude Include="Wrappers\Handle.h">
      <Filter>Headerdateien\Wrappers</Filter>
    </ClInclude>
    <ClInclude Include="Wrappers\Symbols.h">
      <Filter>Headerdateien\Wrappers</Filter>
    </ClInclude>
  </ItemGroup>
  <ItemGroup>
    <ClCompile Include="NoMagic.cpp">
      <Filter>Quelldateien</Filter>
    </ClCompile>
    <ClCompile Include="Injector.cpp">
      <Filter>Quelldateien</Filter>
    </ClCompile>
    <ClCompile Include="Wrappers\FASM.cpp">
      <Filter>Headerdateien\Wrappers</Filter>
    </ClCompile>
    <ClCompile Include="Wrappers\Memory.cpp">
      <Filter>Headerdateien\Wrappers</Filter>
    </ClCompile>
    <ClCompile Include="Wrappers\Module.cpp">
      <Filter>Headerdateien\Wrappers</Filter>
    </ClCompile>
    <ClCompile Include="Wrappers\Process.cpp">
      <Filter>Headerdateien\Wrappers</Filter>
    </ClCompile>
    <ClCompile Include="Wrappers\Thread.cpp">
      <Filter>Headerdateien\Wrappers</Filter>
    </ClCompile>
    <ClCompile Include="Debugging\Breakpoint.cpp">
      <Filter>Headerdateien\Debugging</Filter>
    </ClCompile>
    <ClCompile Include="Debugging\ExceptionHandler.cpp">
      <Filter>Headerdateien\Debugging</Filter>
    </ClCompile>
    <ClCompile Include="Debugging\HardwareBreakpoint.cpp">
      <Filter>Headerdateien\Debugging</Filter>
    </ClCompile>
    <ClCompile Include="Debugging\MemoryBreakpoint.cpp">
      <Filter>Headerdateien\Debugging</Filter>
    </ClCompile>
    <ClCompile Include="Wrappers\Handle.cpp">
      <Filter>Headerdateien\Wrappers</Filter>
    </ClCompile>
    <ClCompile Include="Wrappers\Symbols.cpp">
      <Filter>Headerdateien\Wrappers</Filter>
    </ClCompile>
  </ItemGroup>
</Project>